{
    "symfony/phpunit-bridge": {
        "version": "4.1",
        "recipe": {
            "repo": "github.com/symfony/recipes",
            "branch": "master",
            "version": "4.1",
            "ref": "9dbf01cf67d791746ec772fe274c4d91cbf3c9ec"
        },
        "files": [
            "./.env.test",
            "./bin/phpunit",
            "./config/bootstrap.php",
            "./phpunit.xml.dist",
            "./tests/.gitignore"
        ]
    }
}
